
Microsoft Visual Studio Solution File, Format Version 12.00
# Visual Studio Version 17
VisualStudioVersion = 17.11.35219.272
MinimumVisualStudioVersion = 10.0.40219.1
Project("{FAE04EC0-301F-11D3-BF4B-00C04F79EFBC}") = "Week1Exercise3", "Week1Exercise3\Week1Exercise3.csproj", "{8DC5CF55-ABFA-407E-A740-F9BA638968C0}"
EndProject
Global
	GlobalSection(SolutionConfigurationPlatforms) = preSolution
		Debug|Any CPU = Debug|Any CPU
		Release|Any CPU = Release|Any CPU
	EndGlobalSection
	GlobalSection(ProjectConfigurationPlatforms) = postSolution
		{8DC5CF55-ABFA-407E-A740-F9BA638968C0}.Debug|Any CPU.ActiveCfg = Debug|Any CPU
		{8DC5CF55-ABFA-407E-A740-F9BA638968C0}.Debug|Any CPU.Build.0 = Debug|Any CPU
		{8DC5CF55-ABFA-407E-A740-F9BA638968C0}.Release|Any CPU.ActiveCfg = Release|Any CPU
		{8DC5CF55-ABFA-407E-A740-F9BA638968C0}.Release|Any CPU.Build.0 = Release|Any CPU
	EndGlobalSection
	GlobalSection(SolutionProperties) = preSolution
		HideSolutionNode = FALSE
	EndGlobalSection
	GlobalSection(ExtensibilityGlobals) = postSolution
		SolutionGuid = {2AC7F90A-3020-41B3-97AE-2C430D1277DD}
	EndGlobalSection
EndGlobal
